
Microsoft Visual Studio Solution File, Format Version 12.00
# Visual Studio Version 16
VisualStudioVersion = 25.0.1706.4
MinimumVisualStudioVersion = 10.0.40219.1
Project("{FAE04EC0-301F-11D3-BF4B-00C04F79EFBC}") = "hw method 7", "hw method 7\hw method 7.csproj", "{E45EA87C-370C-4BF6-A1D5-1D7E8C8BC13F}"
EndProject
Global
	GlobalSection(SolutionConfigurationPlatforms) = preSolution
		Debug|Any CPU = Debug|Any CPU
		Release|Any CPU = Release|Any CPU
	EndGlobalSection
	GlobalSection(ProjectConfigurationPlatforms) = postSolution
		{E45EA87C-370C-4BF6-A1D5-1D7E8C8BC13F}.Debug|Any CPU.ActiveCfg = Debug|Any CPU
		{E45EA87C-370C-4BF6-A1D5-1D7E8C8BC13F}.Debug|Any CPU.Build.0 = Debug|Any CPU
		{E45EA87C-370C-4BF6-A1D5-1D7E8C8BC13F}.Release|Any CPU.ActiveCfg = Release|Any CPU
		{E45EA87C-370C-4BF6-A1D5-1D7E8C8BC13F}.Release|Any CPU.Build.0 = Release|Any CPU
	EndGlobalSection
	GlobalSection(SolutionProperties) = preSolution
		HideSolutionNode = FALSE
	EndGlobalSection
	GlobalSection(ExtensibilityGlobals) = postSolution
		SolutionGuid = {7DA71C7F-A8DB-4928-8310-061BCB46576A}
	EndGlobalSection
EndGlobal
