
Microsoft Visual Studio Solution File, Format Version 12.00
# Visual Studio Version 16
VisualStudioVersion = 25.0.1706.4
MinimumVisualStudioVersion = 10.0.40219.1
Project("{FAE04EC0-301F-11D3-BF4B-00C04F79EFBC}") = "List of Products", "List of Products\List of Products.csproj", "{96988A62-7A6D-433E-A916-A5CE43AA8819}"
EndProject
Global
	GlobalSection(SolutionConfigurationPlatforms) = preSolution
		Debug|Any CPU = Debug|Any CPU
		Release|Any CPU = Release|Any CPU
	EndGlobalSection
	GlobalSection(ProjectConfigurationPlatforms) = postSolution
		{96988A62-7A6D-433E-A916-A5CE43AA8819}.Debug|Any CPU.ActiveCfg = Debug|Any CPU
		{96988A62-7A6D-433E-A916-A5CE43AA8819}.Debug|Any CPU.Build.0 = Debug|Any CPU
		{96988A62-7A6D-433E-A916-A5CE43AA8819}.Release|Any CPU.ActiveCfg = Release|Any CPU
		{96988A62-7A6D-433E-A916-A5CE43AA8819}.Release|Any CPU.Build.0 = Release|Any CPU
	EndGlobalSection
	GlobalSection(SolutionProperties) = preSolution
		HideSolutionNode = FALSE
	EndGlobalSection
	GlobalSection(ExtensibilityGlobals) = postSolution
		SolutionGuid = {C6C138EE-6660-4ECC-9615-444EA4D52CA6}
	EndGlobalSection
EndGlobal
