
Microsoft Visual Studio Solution File, Format Version 12.00
# Visual Studio Version 16
VisualStudioVersion = 25.0.1706.4
MinimumVisualStudioVersion = 10.0.40219.1
Project("{FAE04EC0-301F-11D3-BF4B-00C04F79EFBC}") = "List Manipulations", "List Manipulations\List Manipulations.csproj", "{EBFAC1E4-153B-4ECB-96CF-AFBFE94D5EE4}"
EndProject
Global
	GlobalSection(SolutionConfigurationPlatforms) = preSolution
		Debug|Any CPU = Debug|Any CPU
		Release|Any CPU = Release|Any CPU
	EndGlobalSection
	GlobalSection(ProjectConfigurationPlatforms) = postSolution
		{EBFAC1E4-153B-4ECB-96CF-AFBFE94D5EE4}.Debug|Any CPU.ActiveCfg = Debug|Any CPU
		{EBFAC1E4-153B-4ECB-96CF-AFBFE94D5EE4}.Debug|Any CPU.Build.0 = Debug|Any CPU
		{EBFAC1E4-153B-4ECB-96CF-AFBFE94D5EE4}.Release|Any CPU.ActiveCfg = Release|Any CPU
		{EBFAC1E4-153B-4ECB-96CF-AFBFE94D5EE4}.Release|Any CPU.Build.0 = Release|Any CPU
	EndGlobalSection
	GlobalSection(SolutionProperties) = preSolution
		HideSolutionNode = FALSE
	EndGlobalSection
	GlobalSection(ExtensibilityGlobals) = postSolution
		SolutionGuid = {351BD5BD-AC85-4A84-9C66-DFC1A8DE27C2}
	EndGlobalSection
EndGlobal
