
Microsoft Visual Studio Solution File, Format Version 12.00
# Visual Studio Version 16
VisualStudioVersion = 25.0.1706.4
MinimumVisualStudioVersion = 10.0.40219.1
Project("{FAE04EC0-301F-11D3-BF4B-00C04F79EFBC}") = "Gauss trick", "Gauss trick\Gauss trick.csproj", "{17939B85-BCAA-42CA-ABD8-FE12521B44AF}"
EndProject
Global
	GlobalSection(SolutionConfigurationPlatforms) = preSolution
		Debug|Any CPU = Debug|Any CPU
		Release|Any CPU = Release|Any CPU
	EndGlobalSection
	GlobalSection(ProjectConfigurationPlatforms) = postSolution
		{17939B85-BCAA-42CA-ABD8-FE12521B44AF}.Debug|Any CPU.ActiveCfg = Debug|Any CPU
		{17939B85-BCAA-42CA-ABD8-FE12521B44AF}.Debug|Any CPU.Build.0 = Debug|Any CPU
		{17939B85-BCAA-42CA-ABD8-FE12521B44AF}.Release|Any CPU.ActiveCfg = Release|Any CPU
		{17939B85-BCAA-42CA-ABD8-FE12521B44AF}.Release|Any CPU.Build.0 = Release|Any CPU
	EndGlobalSection
	GlobalSection(SolutionProperties) = preSolution
		HideSolutionNode = FALSE
	EndGlobalSection
	GlobalSection(ExtensibilityGlobals) = postSolution
		SolutionGuid = {2F4F07BB-3504-4615-92A4-F64EA47A50B8}
	EndGlobalSection
EndGlobal
