
Microsoft Visual Studio Solution File, Format Version 12.00
# Visual Studio Version 16
VisualStudioVersion = 25.0.1706.4
MinimumVisualStudioVersion = 10.0.40219.1
Project("{FAE04EC0-301F-11D3-BF4B-00C04F79EFBC}") = "lists", "lists\lists.csproj", "{8617C2A5-7FB3-497C-B8D7-E3877E1A91B7}"
EndProject
Global
	GlobalSection(SolutionConfigurationPlatforms) = preSolution
		Debug|Any CPU = Debug|Any CPU
		Release|Any CPU = Release|Any CPU
	EndGlobalSection
	GlobalSection(ProjectConfigurationPlatforms) = postSolution
		{8617C2A5-7FB3-497C-B8D7-E3877E1A91B7}.Debug|Any CPU.ActiveCfg = Debug|Any CPU
		{8617C2A5-7FB3-497C-B8D7-E3877E1A91B7}.Debug|Any CPU.Build.0 = Debug|Any CPU
		{8617C2A5-7FB3-497C-B8D7-E3877E1A91B7}.Release|Any CPU.ActiveCfg = Release|Any CPU
		{8617C2A5-7FB3-497C-B8D7-E3877E1A91B7}.Release|Any CPU.Build.0 = Release|Any CPU
	EndGlobalSection
	GlobalSection(SolutionProperties) = preSolution
		HideSolutionNode = FALSE
	EndGlobalSection
	GlobalSection(ExtensibilityGlobals) = postSolution
		SolutionGuid = {37EA34C5-4C5E-468A-9135-9336322AD3D6}
	EndGlobalSection
EndGlobal
