
Microsoft Visual Studio Solution File, Format Version 12.00
# Visual Studio Version 16
VisualStudioVersion = 25.0.1706.4
MinimumVisualStudioVersion = 10.0.40219.1
Project("{FAE04EC0-301F-11D3-BF4B-00C04F79EFBC}") = "hw method 5", "hw method 5\hw method 5.csproj", "{2357EA75-E471-4F5D-9BBB-D97093D279C9}"
EndProject
Global
	GlobalSection(SolutionConfigurationPlatforms) = preSolution
		Debug|Any CPU = Debug|Any CPU
		Release|Any CPU = Release|Any CPU
	EndGlobalSection
	GlobalSection(ProjectConfigurationPlatforms) = postSolution
		{2357EA75-E471-4F5D-9BBB-D97093D279C9}.Debug|Any CPU.ActiveCfg = Debug|Any CPU
		{2357EA75-E471-4F5D-9BBB-D97093D279C9}.Debug|Any CPU.Build.0 = Debug|Any CPU
		{2357EA75-E471-4F5D-9BBB-D97093D279C9}.Release|Any CPU.ActiveCfg = Release|Any CPU
		{2357EA75-E471-4F5D-9BBB-D97093D279C9}.Release|Any CPU.Build.0 = Release|Any CPU
	EndGlobalSection
	GlobalSection(SolutionProperties) = preSolution
		HideSolutionNode = FALSE
	EndGlobalSection
	GlobalSection(ExtensibilityGlobals) = postSolution
		SolutionGuid = {FB9CD7F7-21AC-45E0-9199-5EB4837426CB}
	EndGlobalSection
EndGlobal
